
Microsoft Visual Studio Solution File, Format Version 12.00
Project("{FAE04EC0-301F-11D3-BF4B-00C04F79EFBC}") = "TestSoiskatel", "TestSoiskatel\TestSoiskatel.csproj", "{2ABC598A-F995-42C4-84D0-BB8C171120B3}"
EndProject
Global
	GlobalSection(SolutionConfigurationPlatforms) = preSolution
		Debug|Any CPU = Debug|Any CPU
		Release|Any CPU = Release|Any CPU
	EndGlobalSection
	GlobalSection(ProjectConfigurationPlatforms) = postSolution
		{2ABC598A-F995-42C4-84D0-BB8C171120B3}.Debug|Any CPU.ActiveCfg = Debug|Any CPU
		{2ABC598A-F995-42C4-84D0-BB8C171120B3}.Debug|Any CPU.Build.0 = Debug|Any CPU
		{2ABC598A-F995-42C4-84D0-BB8C171120B3}.Release|Any CPU.ActiveCfg = Release|Any CPU
		{2ABC598A-F995-42C4-84D0-BB8C171120B3}.Release|Any CPU.Build.0 = Release|Any CPU
	EndGlobalSection
EndGlobal
